<?xml version="1.0" encoding="utf-8"?>
<Project ToolsVersion="4.0" xmlns="http://schemas.microsoft.com/developer/msbuild/2003">
  <ItemGroup>
    <CustomBuild Include="..\CHANGELOG.md">
      <Filter>Resource Files</Filter>
    </CustomBuild>
    <CustomBuild Include="..\CONTRIBUTING.md">
      <Filter>Resource Files</Filter>
    </CustomBuild>
    <CustomBuild Include="..\README.md">
      <Filter>Resource Files</Filter>
    </CustomBuild>
    <CustomBuild Include="..\LICENSE.md">
      <Filter>Resource Files</Filter>
    </CustomBuild>
    <CustomBuild Include="I-RANControler-Main.hpp">
      <Filter>Header Files</Filter>
    </CustomBuild>
  </ItemGroup>
  <ItemGroup>
    <Filter Include="Source Files">
      <UniqueIdentifier>{b0c53ee0-6304-42ca-ab30-0bbefe45bce4}</UniqueIdentifier>
      <Extensions>cpp;c</Extensions>
    </Filter>
    <Filter Include="Header Files">
      <UniqueIdentifier>{5165da69-d7b5-409f-944b-015b180657c6}</UniqueIdentifier>
      <Extensions>hpp;h</Extensions>
    </Filter>
    <Filter Include="Resource Files">
      <UniqueIdentifier>{94a6c399-acc1-4386-9726-0d57f2d0c3be}</UniqueIdentifier>
      <Extensions>*</Extensions>
    </Filter>
  </ItemGroup>
  <ItemGroup>
    <ClCompile Include="I-RANControler-Main.cpp">
      <Filter>Source Files</Filter>
    </ClCompile>
  </ItemGroup>
</Project>