<?xml version="1.0" encoding="utf-8"?>
<Project ToolsVersion="4.0" xmlns="http://schemas.microsoft.com/developer/msbuild/2003">
  <ItemGroup>
    <Filter Include="Source Files">
      <UniqueIdentifier>{75f4b61c-bf71-4fb0-af38-7a4c26f2c76b}</UniqueIdentifier>
      <Extensions>cpp;c</Extensions>
    </Filter>
    <Filter Include="Header Files">
      <UniqueIdentifier>{7f61bf6b-307a-42f1-9da0-6ede4d441c2b}</UniqueIdentifier>
      <Extensions>hpp;h</Extensions>
    </Filter>
    <Filter Include="Resource Files">
      <UniqueIdentifier>{ad3f55f5-8db6-4a41-a975-ac52486158f9}</UniqueIdentifier>
      <Extensions>*</Extensions>
    </Filter>
  </ItemGroup>
  <ItemGroup>
    <ClInclude Include="CranModel-Main.hpp">
      <Filter>Source Files</Filter>
    </ClInclude>
    <ClInclude Include="GitWrapper\GitWrapper.hpp">
      <Filter>Source Files</Filter>
    </ClInclude>
  </ItemGroup>
  <ItemGroup>
    <ClCompile Include="CranModel-Main.cpp">
      <Filter>Header Files</Filter>
    </ClCompile>
    <ClCompile Include="GitWrapper\GitWrapper.cpp">
      <Filter>Header Files</Filter>
    </ClCompile>
  </ItemGroup>
</Project>